
Microsoft Visual Studio Solution File, Format Version 12.00
# Visual Studio Version 17
VisualStudioVersion = 17.3.32929.385
MinimumVisualStudioVersion = 10.0.40219.1
Project("{FAE04EC0-301F-11D3-BF4B-00C04F79EFBC}") = "UI", "UI\UI.csproj", "{AB94F4DF-96C0-4F12-8D02-2E52D52D2349}"
EndProject
Project("{FAE04EC0-301F-11D3-BF4B-00C04F79EFBC}") = "BLL", "BLL\BLL.csproj", "{BB777079-AB54-4118-954B-39CA9602E33B}"
EndProject
Project("{FAE04EC0-301F-11D3-BF4B-00C04F79EFBC}") = "DAL", "DAL\DAL.csproj", "{973C7D5F-8B3D-4E90-88A5-CEF9D42DC317}"
EndProject
Project("{FAE04EC0-301F-11D3-BF4B-00C04F79EFBC}") = "BE", "BE\BE.csproj", "{9F3A2669-EA50-4CBC-8C0B-6CF030FE2C70}"
EndProject
Project("{FAE04EC0-301F-11D3-BF4B-00C04F79EFBC}") = "Infractuctura", "SqlHelper\Infractuctura.csproj", "{ADED2F5A-31E5-4E26-81D5-BC83E5146622}"
EndProject
Global
	GlobalSection(SolutionConfigurationPlatforms) = preSolution
		Debug|Any CPU = Debug|Any CPU
		Release|Any CPU = Release|Any CPU
	EndGlobalSection
	GlobalSection(ProjectConfigurationPlatforms) = postSolution
		{AB94F4DF-96C0-4F12-8D02-2E52D52D2349}.Debug|Any CPU.ActiveCfg = Debug|Any CPU
		{AB94F4DF-96C0-4F12-8D02-2E52D52D2349}.Debug|Any CPU.Build.0 = Debug|Any CPU
		{AB94F4DF-96C0-4F12-8D02-2E52D52D2349}.Release|Any CPU.ActiveCfg = Release|Any CPU
		{AB94F4DF-96C0-4F12-8D02-2E52D52D2349}.Release|Any CPU.Build.0 = Release|Any CPU
		{BB777079-AB54-4118-954B-39CA9602E33B}.Debug|Any CPU.ActiveCfg = Debug|Any CPU
		{BB777079-AB54-4118-954B-39CA9602E33B}.Debug|Any CPU.Build.0 = Debug|Any CPU
		{BB777079-AB54-4118-954B-39CA9602E33B}.Release|Any CPU.ActiveCfg = Release|Any CPU
		{BB777079-AB54-4118-954B-39CA9602E33B}.Release|Any CPU.Build.0 = Release|Any CPU
		{973C7D5F-8B3D-4E90-88A5-CEF9D42DC317}.Debug|Any CPU.ActiveCfg = Debug|Any CPU
		{973C7D5F-8B3D-4E90-88A5-CEF9D42DC317}.Debug|Any CPU.Build.0 = Debug|Any CPU
		{973C7D5F-8B3D-4E90-88A5-CEF9D42DC317}.Release|Any CPU.ActiveCfg = Release|Any CPU
		{973C7D5F-8B3D-4E90-88A5-CEF9D42DC317}.Release|Any CPU.Build.0 = Release|Any CPU
		{9F3A2669-EA50-4CBC-8C0B-6CF030FE2C70}.Debug|Any CPU.ActiveCfg = Debug|Any CPU
		{9F3A2669-EA50-4CBC-8C0B-6CF030FE2C70}.Debug|Any CPU.Build.0 = Debug|Any CPU
		{9F3A2669-EA50-4CBC-8C0B-6CF030FE2C70}.Release|Any CPU.ActiveCfg = Release|Any CPU
		{9F3A2669-EA50-4CBC-8C0B-6CF030FE2C70}.Release|Any CPU.Build.0 = Release|Any CPU
		{ADED2F5A-31E5-4E26-81D5-BC83E5146622}.Debug|Any CPU.ActiveCfg = Debug|Any CPU
		{ADED2F5A-31E5-4E26-81D5-BC83E5146622}.Debug|Any CPU.Build.0 = Debug|Any CPU
		{ADED2F5A-31E5-4E26-81D5-BC83E5146622}.Release|Any CPU.ActiveCfg = Release|Any CPU
		{ADED2F5A-31E5-4E26-81D5-BC83E5146622}.Release|Any CPU.Build.0 = Release|Any CPU
	EndGlobalSection
	GlobalSection(SolutionProperties) = preSolution
		HideSolutionNode = FALSE
	EndGlobalSection
	GlobalSection(ExtensibilityGlobals) = postSolution
		SolutionGuid = {1FF603D1-2EFF-4632-A183-40A2F7408BE5}
	EndGlobalSection
EndGlobal
